// !$*UTF8*$!
{
	archiveVersion = 1;
	classes = {
	};
	objectVersion = 48;
	objects = {

/* Begin PBXBuildFile section */
		35CAF9A2208F410800163DED /* AppDelegate.m in Sources */ = {isa = PBXBuildFile; fileRef = 35CAF9A1208F410800163DED /* AppDelegate.m */; };
		35CAF9A5208F410800163DED /* ViewController.m in Sources */ = {isa = PBXBuildFile; fileRef = 35CAF9A4208F410800163DED /* ViewController.m */; };
		35CAF9A8208F410800163DED /* Main.storyboard in Resources */ = {isa = PBXBuildFile; fileRef = 35CAF9A6208F410800163DED /* Main.storyboard */; };
		35CAF9AA208F410800163DED /* Assets.xcassets in Resources */ = {isa = PBXBuildFile; fileRef = 35CAF9A9208F410800163DED /* Assets.xcassets */; };
		35CAF9AD208F410800163DED /* LaunchScreen.storyboard in Resources */ = {isa = PBXBuildFile; fileRef = 35CAF9AB208F410800163DED /* LaunchScreen.storyboard */; };
		35CAF9B0208F410800163DED /* main.m in Sources */ = {isa = PBXBuildFile; fileRef = 35CAF9AF208F410800163DED /* main.m */; };
		35CAF9BA208F410900163DED /* WCBlockTests.m in Sources */ = {isa = PBXBuildFile; fileRef = 35CAF9B9208F410900163DED /* WCBlockTests.m */; };
		35CAF9C5208F410900163DED /* WCBlockUITests.m in Sources */ = {isa = PBXBuildFile; fileRef = 35CAF9C4208F410900163DED /* WCBlockUITests.m */; };
		35CAFD8C2094000700163DED /* UIControl+WCBlock.m in Sources */ = {isa = PBXBuildFile; fileRef = 35CAFD792094000500163DED /* UIControl+WCBlock.m */; };
		35CAFD8D2094000700163DED /* UISegmentedControl+WCBlock.m in Sources */ = {isa = PBXBuildFile; fileRef = 35CAFD7C2094000500163DED /* UISegmentedControl+WCBlock.m */; };
		35CAFD8E2094000700163DED /* UITextView+WCBlock.m in Sources */ = {isa = PBXBuildFile; fileRef = 35CAFD802094000600163DED /* UITextView+WCBlock.m */; };
		35CAFD8F2094000700163DED /* UISlider+WCBlock.m in Sources */ = {isa = PBXBuildFile; fileRef = 35CAFD822094000600163DED /* UISlider+WCBlock.m */; };
		35CAFD902094000700163DED /* UITextField+WCBlock.m in Sources */ = {isa = PBXBuildFile; fileRef = 35CAFD832094000600163DED /* UITextField+WCBlock.m */; };
		35CAFD912094000700163DED /* UIGestureRecognizer+WCBlock.m in Sources */ = {isa = PBXBuildFile; fileRef = 35CAFD852094000600163DED /* UIGestureRecognizer+WCBlock.m */; };
		35CAFD922094000700163DED /* UISwitch+WCBlock.m in Sources */ = {isa = PBXBuildFile; fileRef = 35CAFD882094000600163DED /* UISwitch+WCBlock.m */; };
		35CAFD932094000700163DED /* UIAlertView+WCBlock.m in Sources */ = {isa = PBXBuildFile; fileRef = 35CAFD892094000600163DED /* UIAlertView+WCBlock.m */; };
		35CAFD942094000700163DED /* UIView+WCBlock.m in Sources */ = {isa = PBXBuildFile; fileRef = 35CAFD8A2094000600163DED /* UIView+WCBlock.m */; };
		35CAFD952094000700163DED /* NSObject+WCKVOBlock.m in Sources */ = {isa = PBXBuildFile; fileRef = 35CAFD8B2094000700163DED /* NSObject+WCKVOBlock.m */; };
		35CAFD982094003400163DED /* NSNotificationCenter+WCBlock.m in Sources */ = {isa = PBXBuildFile; fileRef = 35CAFD972094003400163DED /* NSNotificationCenter+WCBlock.m */; };
		35CAFDA820957D9E00163DED /* WCViewGesture.m in Sources */ = {isa = PBXBuildFile; fileRef = 35CAFDA720957D9E00163DED /* WCViewGesture.m */; };
		35CAFDAB2095AC2600163DED /* UISearchBar+WCBlock.m in Sources */ = {isa = PBXBuildFile; fileRef = 35CAFDAA2095AC2600163DED /* UISearchBar+WCBlock.m */; };
/* End PBXBuildFile section */

/* Begin PBXContainerItemProxy section */
		35CAF9B6208F410900163DED /* PBXContainerItemProxy */ = {
			isa = PBXContainerItemProxy;
			containerPortal = 35CAF995208F410800163DED /* Project object */;
			proxyType = 1;
			remoteGlobalIDString = 35CAF99C208F410800163DED;
			remoteInfo = WCBlock;
		};
		35CAF9C1208F410900163DED /* PBXContainerItemProxy */ = {
			isa = PBXContainerItemProxy;
			containerPortal = 35CAF995208F410800163DED /* Project object */;
			proxyType = 1;
			remoteGlobalIDString = 35CAF99C208F410800163DED;
			remoteInfo = WCBlock;
		};
/* End PBXContainerItemProxy section */

/* Begin PBXFileReference section */
		35CAF99D208F410800163DED /* WCBlock.app */ = {isa = PBXFileReference; explicitFileType = wrapper.application; includeInIndex = 0; path = WCBlock.app; sourceTree = BUILT_PRODUCTS_DIR; };
		35CAF9A0208F410800163DED /* AppDelegate.h */ = {isa = PBXFileReference; lastKnownFileType = sourcecode.c.h; path = AppDelegate.h; sourceTree = "<group>"; };
		35CAF9A1208F410800163DED /* AppDelegate.m */ = {isa = PBXFileReference; lastKnownFileType = sourcecode.c.objc; path = AppDelegate.m; sourceTree = "<group>"; };
		35CAF9A3208F410800163DED /* ViewController.h */ = {isa = PBXFileReference; lastKnownFileType = sourcecode.c.h; path = ViewController.h; sourceTree = "<group>"; };
		35CAF9A4208F410800163DED /* ViewController.m */ = {isa = PBXFileReference; lastKnownFileType = sourcecode.c.objc; path = ViewController.m; sourceTree = "<group>"; };
		35CAF9A7208F410800163DED /* Base */ = {isa = PBXFileReference; lastKnownFileType = file.storyboard; name = Base; path = Base.lproj/Main.storyboard; sourceTree = "<group>"; };
		35CAF9A9208F410800163DED /* Assets.xcassets */ = {isa = PBXFileReference; lastKnownFileType = folder.assetcatalog; path = Assets.xcassets; sourceTree = "<group>"; };
		35CAF9AC208F410800163DED /* Base */ = {isa = PBXFileReference; lastKnownFileType = file.storyboard; name = Base; path = Base.lproj/LaunchScreen.storyboard; sourceTree = "<group>"; };
		35CAF9AE208F410800163DED /* Info.plist */ = {isa = PBXFileReference; lastKnownFileType = text.plist.xml; path = Info.plist; sourceTree = "<group>"; };
		35CAF9AF208F410800163DED /* main.m */ = {isa = PBXFileReference; lastKnownFileType = sourcecode.c.objc; path = main.m; sourceTree = "<group>"; };
		35CAF9B5208F410900163DED /* WCBlockTests.xctest */ = {isa = PBXFileReference; explicitFileType = wrapper.cfbundle; includeInIndex = 0; path = WCBlockTests.xctest; sourceTree = BUILT_PRODUCTS_DIR; };
		35CAF9B9208F410900163DED /* WCBlockTests.m */ = {isa = PBXFileReference; lastKnownFileType = sourcecode.c.objc; path = WCBlockTests.m; sourceTree = "<group>"; };
		35CAF9BB208F410900163DED /* Info.plist */ = {isa = PBXFileReference; lastKnownFileType = text.plist.xml; path = Info.plist; sourceTree = "<group>"; };
		35CAF9C0208F410900163DED /* WCBlockUITests.xctest */ = {isa = PBXFileReference; explicitFileType = wrapper.cfbundle; includeInIndex = 0; path = WCBlockUITests.xctest; sourceTree = BUILT_PRODUCTS_DIR; };
		35CAF9C4208F410900163DED /* WCBlockUITests.m */ = {isa = PBXFileReference; lastKnownFileType = sourcecode.c.objc; path = WCBlockUITests.m; sourceTree = "<group>"; };
		35CAF9C6208F410900163DED /* Info.plist */ = {isa = PBXFileReference; lastKnownFileType = text.plist.xml; path = Info.plist; sourceTree = "<group>"; };
		35CAFD772094000500163DED /* UISegmentedControl+WCBlock.h */ = {isa = PBXFileReference; fileEncoding = 4; lastKnownFileType = sourcecode.c.h; path = "UISegmentedControl+WCBlock.h"; sourceTree = "<group>"; };
		35CAFD782094000500163DED /* UITextView+WCBlock.h */ = {isa = PBXFileReference; fileEncoding = 4; lastKnownFileType = sourcecode.c.h; path = "UITextView+WCBlock.h"; sourceTree = "<group>"; };
		35CAFD792094000500163DED /* UIControl+WCBlock.m */ = {isa = PBXFileReference; fileEncoding = 4; lastKnownFileType = sourcecode.c.objc; path = "UIControl+WCBlock.m"; sourceTree = "<group>"; };
		35CAFD7A2094000500163DED /* UITextField+WCBlock.h */ = {isa = PBXFileReference; fileEncoding = 4; lastKnownFileType = sourcecode.c.h; path = "UITextField+WCBlock.h"; sourceTree = "<group>"; };
		35CAFD7B2094000500163DED /* UIGestureRecognizer+WCBlock.h */ = {isa = PBXFileReference; fileEncoding = 4; lastKnownFileType = sourcecode.c.h; path = "UIGestureRecognizer+WCBlock.h"; sourceTree = "<group>"; };
		35CAFD7C2094000500163DED /* UISegmentedControl+WCBlock.m */ = {isa = PBXFileReference; fileEncoding = 4; lastKnownFileType = sourcecode.c.objc; path = "UISegmentedControl+WCBlock.m"; sourceTree = "<group>"; };
		35CAFD7D2094000500163DED /* NSObject+WCKVOBlock.h */ = {isa = PBXFileReference; fileEncoding = 4; lastKnownFileType = sourcecode.c.h; path = "NSObject+WCKVOBlock.h"; sourceTree = "<group>"; };
		35CAFD7E2094000500163DED /* WCBlock.h */ = {isa = PBXFileReference; fileEncoding = 4; lastKnownFileType = sourcecode.c.h; path = WCBlock.h; sourceTree = "<group>"; };
		35CAFD7F2094000600163DED /* UISlider+WCBlock.h */ = {isa = PBXFileReference; fileEncoding = 4; lastKnownFileType = sourcecode.c.h; path = "UISlider+WCBlock.h"; sourceTree = "<group>"; };
		35CAFD802094000600163DED /* UITextView+WCBlock.m */ = {isa = PBXFileReference; fileEncoding = 4; lastKnownFileType = sourcecode.c.objc; path = "UITextView+WCBlock.m"; sourceTree = "<group>"; };
		35CAFD812094000600163DED /* UIControl+WCBlock.h */ = {isa = PBXFileReference; fileEncoding = 4; lastKnownFileType = sourcecode.c.h; path = "UIControl+WCBlock.h"; sourceTree = "<group>"; };
		35CAFD822094000600163DED /* UISlider+WCBlock.m */ = {isa = PBXFileReference; fileEncoding = 4; lastKnownFileType = sourcecode.c.objc; path = "UISlider+WCBlock.m"; sourceTree = "<group>"; };
		35CAFD832094000600163DED /* UITextField+WCBlock.m */ = {isa = PBXFileReference; fileEncoding = 4; lastKnownFileType = sourcecode.c.objc; path = "UITextField+WCBlock.m"; sourceTree = "<group>"; };
		35CAFD842094000600163DED /* UIAlertView+WCBlock.h */ = {isa = PBXFileReference; fileEncoding = 4; lastKnownFileType = sourcecode.c.h; path = "UIAlertView+WCBlock.h"; sourceTree = "<group>"; };
		35CAFD852094000600163DED /* UIGestureRecognizer+WCBlock.m */ = {isa = PBXFileReference; fileEncoding = 4; lastKnownFileType = sourcecode.c.objc; path = "UIGestureRecognizer+WCBlock.m"; sourceTree = "<group>"; };
		35CAFD862094000600163DED /* UIView+WCBlock.h */ = {isa = PBXFileReference; fileEncoding = 4; lastKnownFileType = sourcecode.c.h; path = "UIView+WCBlock.h"; sourceTree = "<group>"; };
		35CAFD872094000600163DED /* UISwitch+WCBlock.h */ = {isa = PBXFileReference; fileEncoding = 4; lastKnownFileType = sourcecode.c.h; path = "UISwitch+WCBlock.h"; sourceTree = "<group>"; };
		35CAFD882094000600163DED /* UISwitch+WCBlock.m */ = {isa = PBXFileReference; fileEncoding = 4; lastKnownFileType = sourcecode.c.objc; path = "UISwitch+WCBlock.m"; sourceTree = "<group>"; };
		35CAFD892094000600163DED /* UIAlertView+WCBlock.m */ = {isa = PBXFileReference; fileEncoding = 4; lastKnownFileType = sourcecode.c.objc; path = "UIAlertView+WCBlock.m"; sourceTree = "<group>"; };
		35CAFD8A2094000600163DED /* UIView+WCBlock.m */ = {isa = PBXFileReference; fileEncoding = 4; lastKnownFileType = sourcecode.c.objc; path = "UIView+WCBlock.m"; sourceTree = "<group>"; };
		35CAFD8B2094000700163DED /* NSObject+WCKVOBlock.m */ = {isa = PBXFileReference; fileEncoding = 4; lastKnownFileType = sourcecode.c.objc; path = "NSObject+WCKVOBlock.m"; sourceTree = "<group>"; };
		35CAFD962094003400163DED /* NSNotificationCenter+WCBlock.h */ = {isa = PBXFileReference; lastKnownFileType = sourcecode.c.h; path = "NSNotificationCenter+WCBlock.h"; sourceTree = "<group>"; };
		35CAFD972094003400163DED /* NSNotificationCenter+WCBlock.m */ = {isa = PBXFileReference; lastKnownFileType = sourcecode.c.objc; path = "NSNotificationCenter+WCBlock.m"; sourceTree = "<group>"; };
		35CAFDA620957D9E00163DED /* WCViewGesture.h */ = {isa = PBXFileReference; lastKnownFileType = sourcecode.c.h; path = WCViewGesture.h; sourceTree = "<group>"; };
		35CAFDA720957D9E00163DED /* WCViewGesture.m */ = {isa = PBXFileReference; lastKnownFileType = sourcecode.c.objc; path = WCViewGesture.m; sourceTree = "<group>"; };
		35CAFDA92095AC2600163DED /* UISearchBar+WCBlock.h */ = {isa = PBXFileReference; lastKnownFileType = sourcecode.c.h; path = "UISearchBar+WCBlock.h"; sourceTree = "<group>"; };
		35CAFDAA2095AC2600163DED /* UISearchBar+WCBlock.m */ = {isa = PBXFileReference; lastKnownFileType = sourcecode.c.objc; path = "UISearchBar+WCBlock.m"; sourceTree = "<group>"; };
/* End PBXFileReference section */

/* Begin PBXFrameworksBuildPhase section */
		35CAF99A208F410800163DED /* Frameworks */ = {
			isa = PBXFrameworksBuildPhase;
			buildActionMask = 2147483647;
			files = (
			);
			runOnlyForDeploymentPostprocessing = 0;
		};
		35CAF9B2208F410900163DED /* Frameworks */ = {
			isa = PBXFrameworksBuildPhase;
			buildActionMask = 2147483647;
			files = (
			);
			runOnlyForDeploymentPostprocessing = 0;
		};
		35CAF9BD208F410900163DED /* Frameworks */ = {
			isa = PBXFrameworksBuildPhase;
			buildActionMask = 2147483647;
			files = (
			);
			runOnlyForDeploymentPostprocessing = 0;
		};
/* End PBXFrameworksBuildPhase section */

/* Begin PBXGroup section */
		35CAF994208F410800163DED = {
			isa = PBXGroup;
			children = (
				35CAF9D2208F420A00163DED /* WCBlock */,
				35CAF99F208F410800163DED /* WCBlockDemo */,
				35CAF9B8208F410900163DED /* WCBlockTests */,
				35CAF9C3208F410900163DED /* WCBlockUITests */,
				35CAF99E208F410800163DED /* Products */,
			);
			sourceTree = "<group>";
		};
		35CAF99E208F410800163DED /* Products */ = {
			isa = PBXGroup;
			children = (
				35CAF99D208F410800163DED /* WCBlock.app */,
				35CAF9B5208F410900163DED /* WCBlockTests.xctest */,
				35CAF9C0208F410900163DED /* WCBlockUITests.xctest */,
			);
			name = Products;
			sourceTree = "<group>";
		};
		35CAF99F208F410800163DED /* WCBlockDemo */ = {
			isa = PBXGroup;
			children = (
				35CAF9A0208F410800163DED /* AppDelegate.h */,
				35CAF9A1208F410800163DED /* AppDelegate.m */,
				35CAF9A3208F410800163DED /* ViewController.h */,
				35CAF9A4208F410800163DED /* ViewController.m */,
				35CAF9A6208F410800163DED /* Main.storyboard */,
				35CAF9A9208F410800163DED /* Assets.xcassets */,
				35CAF9AB208F410800163DED /* LaunchScreen.storyboard */,
				35CAF9AE208F410800163DED /* Info.plist */,
				35CAF9AF208F410800163DED /* main.m */,
			);
			path = WCBlockDemo;
			sourceTree = "<group>";
		};
		35CAF9B8208F410900163DED /* WCBlockTests */ = {
			isa = PBXGroup;
			children = (
				35CAF9B9208F410900163DED /* WCBlockTests.m */,
				35CAF9BB208F410900163DED /* Info.plist */,
			);
			path = WCBlockTests;
			sourceTree = "<group>";
		};
		35CAF9C3208F410900163DED /* WCBlockUITests */ = {
			isa = PBXGroup;
			children = (
				35CAF9C4208F410900163DED /* WCBlockUITests.m */,
				35CAF9C6208F410900163DED /* Info.plist */,
			);
			path = WCBlockUITests;
			sourceTree = "<group>";
		};
		35CAF9D2208F420A00163DED /* WCBlock */ = {
			isa = PBXGroup;
			children = (
				35CAFD7E2094000500163DED /* WCBlock.h */,
				35CAFD962094003400163DED /* NSNotificationCenter+WCBlock.h */,
				35CAFD972094003400163DED /* NSNotificationCenter+WCBlock.m */,
				35CAFD862094000600163DED /* UIView+WCBlock.h */,
				35CAFD8A2094000600163DED /* UIView+WCBlock.m */,
				35CAFD842094000600163DED /* UIAlertView+WCBlock.h */,
				35CAFD892094000600163DED /* UIAlertView+WCBlock.m */,
				35CAFD812094000600163DED /* UIControl+WCBlock.h */,
				35CAFD792094000500163DED /* UIControl+WCBlock.m */,
				35CAFD7D2094000500163DED /* NSObject+WCKVOBlock.h */,
				35CAFD8B2094000700163DED /* NSObject+WCKVOBlock.m */,
				35CAFD7B2094000500163DED /* UIGestureRecognizer+WCBlock.h */,
				35CAFD852094000600163DED /* UIGestureRecognizer+WCBlock.m */,
				35CAFD772094000500163DED /* UISegmentedControl+WCBlock.h */,
				35CAFD7C2094000500163DED /* UISegmentedControl+WCBlock.m */,
				35CAFD7F2094000600163DED /* UISlider+WCBlock.h */,
				35CAFD822094000600163DED /* UISlider+WCBlock.m */,
				35CAFD872094000600163DED /* UISwitch+WCBlock.h */,
				35CAFD882094000600163DED /* UISwitch+WCBlock.m */,
				35CAFD7A2094000500163DED /* UITextField+WCBlock.h */,
				35CAFD832094000600163DED /* UITextField+WCBlock.m */,
				35CAFD782094000500163DED /* UITextView+WCBlock.h */,
				35CAFD802094000600163DED /* UITextView+WCBlock.m */,
				35CAFDA92095AC2600163DED /* UISearchBar+WCBlock.h */,
				35CAFDAA2095AC2600163DED /* UISearchBar+WCBlock.m */,
				35CAFDA620957D9E00163DED /* WCViewGesture.h */,
				35CAFDA720957D9E00163DED /* WCViewGesture.m */,
			);
			path = WCBlock;
			sourceTree = "<group>";
		};
/* End PBXGroup section */

/* Begin PBXNativeTarget section */
		35CAF99C208F410800163DED /* WCBlock */ = {
			isa = PBXNativeTarget;
			buildConfigurationList = 35CAF9C9208F410900163DED /* Build configuration list for PBXNativeTarget "WCBlock" */;
			buildPhases = (
				35CAF999208F410800163DED /* Sources */,
				35CAF99A208F410800163DED /* Frameworks */,
				35CAF99B208F410800163DED /* Resources */,
			);
			buildRules = (
			);
			dependencies = (
			);
			name = WCBlock;
			productName = WCBlock;
			productReference = 35CAF99D208F410800163DED /* WCBlock.app */;
			productType = "com.apple.product-type.application";
		};
		35CAF9B4208F410900163DED /* WCBlockTests */ = {
			isa = PBXNativeTarget;
			buildConfigurationList = 35CAF9CC208F410900163DED /* Build configuration list for PBXNativeTarget "WCBlockTests" */;
			buildPhases = (
				35CAF9B1208F410900163DED /* Sources */,
				35CAF9B2208F410900163DED /* Frameworks */,
				35CAF9B3208F410900163DED /* Resources */,
			);
			buildRules = (
			);
			dependencies = (
				35CAF9B7208F410900163DED /* PBXTargetDependency */,
			);
			name = WCBlockTests;
			productName = WCBlockTests;
			productReference = 35CAF9B5208F410900163DED /* WCBlockTests.xctest */;
			productType = "com.apple.product-type.bundle.unit-test";
		};
		35CAF9BF208F410900163DED /* WCBlockUITests */ = {
			isa = PBXNativeTarget;
			buildConfigurationList = 35CAF9CF208F410900163DED /* Build configuration list for PBXNativeTarget "WCBlockUITests" */;
			buildPhases = (
				35CAF9BC208F410900163DED /* Sources */,
				35CAF9BD208F410900163DED /* Frameworks */,
				35CAF9BE208F410900163DED /* Resources */,
			);
			buildRules = (
			);
			dependencies = (
				35CAF9C2208F410900163DED /* PBXTargetDependency */,
			);
			name = WCBlockUITests;
			productName = WCBlockUITests;
			productReference = 35CAF9C0208F410900163DED /* WCBlockUITests.xctest */;
			productType = "com.apple.product-type.bundle.ui-testing";
		};
/* End PBXNativeTarget section */

/* Begin PBXProject section */
		35CAF995208F410800163DED /* Project object */ = {
			isa = PBXProject;
			attributes = {
				LastUpgradeCheck = 0920;
				ORGANIZATIONNAME = weichengz;
				TargetAttributes = {
					35CAF99C208F410800163DED = {
						CreatedOnToolsVersion = 9.2;
						ProvisioningStyle = Automatic;
					};
					35CAF9B4208F410900163DED = {
						CreatedOnToolsVersion = 9.2;
						ProvisioningStyle = Automatic;
						TestTargetID = 35CAF99C208F410800163DED;
					};
					35CAF9BF208F410900163DED = {
						CreatedOnToolsVersion = 9.2;
						ProvisioningStyle = Automatic;
						TestTargetID = 35CAF99C208F410800163DED;
					};
				};
			};
			buildConfigurationList = 35CAF998208F410800163DED /* Build configuration list for PBXProject "WCBlock" */;
			compatibilityVersion = "Xcode 8.0";
			developmentRegion = en;
			hasScannedForEncodings = 0;
			knownRegions = (
				en,
				Base,
			);
			mainGroup = 35CAF994208F410800163DED;
			productRefGroup = 35CAF99E208F410800163DED /* Products */;
			projectDirPath = "";
			projectRoot = "";
			targets = (
				35CAF99C208F410800163DED /* WCBlock */,
				35CAF9B4208F410900163DED /* WCBlockTests */,
				35CAF9BF208F410900163DED /* WCBlockUITests */,
			);
		};
/* End PBXProject section */

/* Begin PBXResourcesBuildPhase section */
		35CAF99B208F410800163DED /* Resources */ = {
			isa = PBXResourcesBuildPhase;
			buildActionMask = 2147483647;
			files = (
				35CAF9AD208F410800163DED /* LaunchScreen.storyboard in Resources */,
				35CAF9AA208F410800163DED /* Assets.xcassets in Resources */,
				35CAF9A8208F410800163DED /* Main.storyboard in Resources */,
			);
			runOnlyForDeploymentPostprocessing = 0;
		};
		35CAF9B3208F410900163DED /* Resources */ = {
			isa = PBXResourcesBuildPhase;
			buildActionMask = 2147483647;
			files = (
			);
			runOnlyForDeploymentPostprocessing = 0;
		};
		35CAF9BE208F410900163DED /* Resources */ = {
			isa = PBXResourcesBuildPhase;
			buildActionMask = 2147483647;
			files = (
			);
			runOnlyForDeploymentPostprocessing = 0;
		};
/* End PBXResourcesBuildPhase section */

/* Begin PBXSourcesBuildPhase section */
		35CAF999208F410800163DED /* Sources */ = {
			isa = PBXSourcesBuildPhase;
			buildActionMask = 2147483647;
			files = (
				35CAFD982094003400163DED /* NSNotificationCenter+WCBlock.m in Sources */,
				35CAFD942094000700163DED /* UIView+WCBlock.m in Sources */,
				35CAFD932094000700163DED /* UIAlertView+WCBlock.m in Sources */,
				35CAFD912094000700163DED /* UIGestureRecognizer+WCBlock.m in Sources */,
				35CAF9A5208F410800163DED /* ViewController.m in Sources */,
				35CAFD8D2094000700163DED /* UISegmentedControl+WCBlock.m in Sources */,
				35CAFD8C2094000700163DED /* UIControl+WCBlock.m in Sources */,
				35CAF9B0208F410800163DED /* main.m in Sources */,
				35CAFD922094000700163DED /* UISwitch+WCBlock.m in Sources */,
				35CAFDAB2095AC2600163DED /* UISearchBar+WCBlock.m in Sources */,
				35CAF9A2208F410800163DED /* AppDelegate.m in Sources */,
				35CAFD8F2094000700163DED /* UISlider+WCBlock.m in Sources */,
				35CAFD8E2094000700163DED /* UITextView+WCBlock.m in Sources */,
				35CAFD902094000700163DED /* UITextField+WCBlock.m in Sources */,
				35CAFDA820957D9E00163DED /* WCViewGesture.m in Sources */,
				35CAFD952094000700163DED /* NSObject+WCKVOBlock.m in Sources */,
			);
			runOnlyForDeploymentPostprocessing = 0;
		};
		35CAF9B1208F410900163DED /* Sources */ = {
			isa = PBXSourcesBuildPhase;
			buildActionMask = 2147483647;
			files = (
				35CAF9BA208F410900163DED /* WCBlockTests.m in Sources */,
			);
			runOnlyForDeploymentPostprocessing = 0;
		};
		35CAF9BC208F410900163DED /* Sources */ = {
			isa = PBXSourcesBuildPhase;
			buildActionMask = 2147483647;
			files = (
				35CAF9C5208F410900163DED /* WCBlockUITests.m in Sources */,
			);
			runOnlyForDeploymentPostprocessing = 0;
		};
/* End PBXSourcesBuildPhase section */

/* Begin PBXTargetDependency section */
		35CAF9B7208F410900163DED /* PBXTargetDependency */ = {
			isa = PBXTargetDependency;
			target = 35CAF99C208F410800163DED /* WCBlock */;
			targetProxy = 35CAF9B6208F410900163DED /* PBXContainerItemProxy */;
		};
		35CAF9C2208F410900163DED /* PBXTargetDependency */ = {
			isa = PBXTargetDependency;
			target = 35CAF99C208F410800163DED /* WCBlock */;
			targetProxy = 35CAF9C1208F410900163DED /* PBXContainerItemProxy */;
		};
/* End PBXTargetDependency section */

/* Begin PBXVariantGroup section */
		35CAF9A6208F410800163DED /* Main.storyboard */ = {
			isa = PBXVariantGroup;
			children = (
				35CAF9A7208F410800163DED /* Base */,
			);
			name = Main.storyboard;
			sourceTree = "<group>";
		};
		35CAF9AB208F410800163DED /* LaunchScreen.storyboard */ = {
			isa = PBXVariantGroup;
			children = (
				35CAF9AC208F410800163DED /* Base */,
			);
			name = LaunchScreen.storyboard;
			sourceTree = "<group>";
		};
/* End PBXVariantGroup section */

/* Begin XCBuildConfiguration section */
		35CAF9C7208F410900163DED /* Debug */ = {
			isa = XCBuildConfiguration;
			buildSettings = {
				ALWAYS_SEARCH_USER_PATHS = NO;
				CLANG_ANALYZER_NONNULL = YES;
				CLANG_ANALYZER_NUMBER_OBJECT_CONVERSION = YES_AGGRESSIVE;
				CLANG_CXX_LANGUAGE_STANDARD = "gnu++14";
				CLANG_CXX_LIBRARY = "libc++";
				CLANG_ENABLE_MODULES = YES;
				CLANG_ENABLE_OBJC_ARC = YES;
				CLANG_WARN_BLOCK_CAPTURE_AUTORELEASING = YES;
				CLANG_WARN_BOOL_CONVERSION = YES;
				CLANG_WARN_COMMA = YES;
				CLANG_WARN_CONSTANT_CONVERSION = YES;
				CLANG_WARN_DIRECT_OBJC_ISA_USAGE = YES_ERROR;
				CLANG_WARN_DOCUMENTATION_COMMENTS = YES;
				CLANG_WARN_EMPTY_BODY = YES;
				CLANG_WARN_ENUM_CONVERSION = YES;
				CLANG_WARN_INFINITE_RECURSION = YES;
				CLANG_WARN_INT_CONVERSION = YES;
				CLANG_WARN_NON_LITERAL_NULL_CONVERSION = YES;
				CLANG_WARN_OBJC_LITERAL_CONVERSION = YES;
				CLANG_WARN_OBJC_ROOT_CLASS = YES_ERROR;
				CLANG_WARN_RANGE_LOOP_ANALYSIS = YES;
				CLANG_WARN_STRICT_PROTOTYPES = YES;
				CLANG_WARN_SUSPICIOUS_MOVE = YES;
				CLANG_WARN_UNGUARDED_AVAILABILITY = YES_AGGRESSIVE;
				CLANG_WARN_UNREACHABLE_CODE = YES;
				CLANG_WARN__DUPLICATE_METHOD_MATCH = YES;
				CODE_SIGN_IDENTITY = "iPhone Developer";
				COPY_PHASE_STRIP = NO;
				DEBUG_INFORMATION_FORMAT = dwarf;
				ENABLE_STRICT_OBJC_MSGSEND = YES;
				ENABLE_TESTABILITY = YES;
				GCC_C_LANGUAGE_STANDARD = gnu11;
				GCC_DYNAMIC_NO_PIC = NO;
				GCC_NO_COMMON_BLOCKS = YES;
				GCC_OPTIMIZATION_LEVEL = 0;
				GCC_PREPROCESSOR_DEFINITIONS = (
					"DEBUG=1",
					"$(inherited)",
				);
				GCC_WARN_64_TO_32_BIT_CONVERSION = YES;
				GCC_WARN_ABOUT_RETURN_TYPE = YES_ERROR;
				GCC_WARN_UNDECLARED_SELECTOR = YES;
				GCC_WARN_UNINITIALIZED_AUTOS = YES_AGGRESSIVE;
				GCC_WARN_UNUSED_FUNCTION = YES;
				GCC_WARN_UNUSED_VARIABLE = YES;
				IPHONEOS_DEPLOYMENT_TARGET = 11.2;
				MTL_ENABLE_DEBUG_INFO = YES;
				ONLY_ACTIVE_ARCH = YES;
				SDKROOT = iphoneos;
			};
			name = Debug;
		};
		35CAF9C8208F410900163DED /* Release */ = {
			isa = XCBuildConfiguration;
			buildSettings = {
				ALWAYS_SEARCH_USER_PATHS = NO;
				CLANG_ANALYZER_NONNULL = YES;
				CLANG_ANALYZER_NUMBER_OBJECT_CONVERSION = YES_AGGRESSIVE;
				CLANG_CXX_LANGUAGE_STANDARD = "gnu++14";
				CLANG_CXX_LIBRARY = "libc++";
				CLANG_ENABLE_MODULES = YES;
				CLANG_ENABLE_OBJC_ARC = YES;
				CLANG_WARN_BLOCK_CAPTURE_AUTORELEASING = YES;
				CLANG_WARN_BOOL_CONVERSION = YES;
				CLANG_WARN_COMMA = YES;
				CLANG_WARN_CONSTANT_CONVERSION = YES;
				CLANG_WARN_DIRECT_OBJC_ISA_USAGE = YES_ERROR;
				CLANG_WARN_DOCUMENTATION_COMMENTS = YES;
				CLANG_WARN_EMPTY_BODY = YES;
				CLANG_WARN_ENUM_CONVERSION = YES;
				CLANG_WARN_INFINITE_RECURSION = YES;
				CLANG_WARN_INT_CONVERSION = YES;
				CLANG_WARN_NON_LITERAL_NULL_CONVERSION = YES;
				CLANG_WARN_OBJC_LITERAL_CONVERSION = YES;
				CLANG_WARN_OBJC_ROOT_CLASS = YES_ERROR;
				CLANG_WARN_RANGE_LOOP_ANALYSIS = YES;
				CLANG_WARN_STRICT_PROTOTYPES = YES;
				CLANG_WARN_SUSPICIOUS_MOVE = YES;
				CLANG_WARN_UNGUARDED_AVAILABILITY = YES_AGGRESSIVE;
				CLANG_WARN_UNREACHABLE_CODE = YES;
				CLANG_WARN__DUPLICATE_METHOD_MATCH = YES;
				CODE_SIGN_IDENTITY = "iPhone Developer";
				COPY_PHASE_STRIP = NO;
				DEBUG_INFORMATION_FORMAT = "dwarf-with-dsym";
				ENABLE_NS_ASSERTIONS = NO;
				ENABLE_STRICT_OBJC_MSGSEND = YES;
				GCC_C_LANGUAGE_STANDARD = gnu11;
				GCC_NO_COMMON_BLOCKS = YES;
				GCC_WARN_64_TO_32_BIT_CONVERSION = YES;
				GCC_WARN_ABOUT_RETURN_TYPE = YES_ERROR;
				GCC_WARN_UNDECLARED_SELECTOR = YES;
				GCC_WARN_UNINITIALIZED_AUTOS = YES_AGGRESSIVE;
				GCC_WARN_UNUSED_FUNCTION = YES;
				GCC_WARN_UNUSED_VARIABLE = YES;
				IPHONEOS_DEPLOYMENT_TARGET = 11.2;
				MTL_ENABLE_DEBUG_INFO = NO;
				SDKROOT = iphoneos;
				VALIDATE_PRODUCT = YES;
			};
			name = Release;
		};
		35CAF9CA208F410900163DED /* Debug */ = {
			isa = XCBuildConfiguration;
			buildSettings = {
				ASSETCATALOG_COMPILER_APPICON_NAME = AppIcon;
				"CODE_SIGN_IDENTITY[sdk=iphoneos*]" = "iPhone Developer";
				CODE_SIGN_STYLE = Automatic;
				DEVELOPMENT_TEAM = D448D4BJ77;
				INFOPLIST_FILE = "$(SRCROOT)/WCBlockDemo/Info.plist";
				IPHONEOS_DEPLOYMENT_TARGET = 9.0;
				LD_RUNPATH_SEARCH_PATHS = "$(inherited) @executable_path/Frameworks";
				PRODUCT_BUNDLE_IDENTIFIER = "-163.weicheng0-0.WCBlock";
				PRODUCT_NAME = "$(TARGET_NAME)";
				PROVISIONING_PROFILE_SPECIFIER = "";
				TARGETED_DEVICE_FAMILY = "1,2";
			};
			name = Debug;
		};
		35CAF9CB208F410900163DED /* Release */ = {
			isa = XCBuildConfiguration;
			buildSettings = {
				ASSETCATALOG_COMPILER_APPICON_NAME = AppIcon;
				"CODE_SIGN_IDENTITY[sdk=iphoneos*]" = "iPhone Developer";
				CODE_SIGN_STYLE = Automatic;
				DEVELOPMENT_TEAM = D448D4BJ77;
				INFOPLIST_FILE = "$(SRCROOT)/WCBlockDemo/Info.plist";
				IPHONEOS_DEPLOYMENT_TARGET = 9.0;
				LD_RUNPATH_SEARCH_PATHS = "$(inherited) @executable_path/Frameworks";
				PRODUCT_BUNDLE_IDENTIFIER = "-163.weicheng0-0.WCBlock";
				PRODUCT_NAME = "$(TARGET_NAME)";
				PROVISIONING_PROFILE_SPECIFIER = "";
				TARGETED_DEVICE_FAMILY = "1,2";
			};
			name = Release;
		};
		35CAF9CD208F410900163DED /* Debug */ = {
			isa = XCBuildConfiguration;
			buildSettings = {
				BUNDLE_LOADER = "$(TEST_HOST)";
				CODE_SIGN_STYLE = Automatic;
				DEVELOPMENT_TEAM = D448D4BJ77;
				INFOPLIST_FILE = WCBlockTests/Info.plist;
				LD_RUNPATH_SEARCH_PATHS = "$(inherited) @executable_path/Frameworks @loader_path/Frameworks";
				PRODUCT_BUNDLE_IDENTIFIER = "-163.weicheng0-0.WCBlockTests";
				PRODUCT_NAME = "$(TARGET_NAME)";
				TARGETED_DEVICE_FAMILY = "1,2";
				TEST_HOST = "$(BUILT_PRODUCTS_DIR)/WCBlock.app/WCBlock";
			};
			name = Debug;
		};
		35CAF9CE208F410900163DED /* Release */ = {
			isa = XCBuildConfiguration;
			buildSettings = {
				BUNDLE_LOADER = "$(TEST_HOST)";
				CODE_SIGN_STYLE = Automatic;
				DEVELOPMENT_TEAM = D448D4BJ77;
				INFOPLIST_FILE = WCBlockTests/Info.plist;
				LD_RUNPATH_SEARCH_PATHS = "$(inherited) @executable_path/Frameworks @loader_path/Frameworks";
				PRODUCT_BUNDLE_IDENTIFIER = "-163.weicheng0-0.WCBlockTests";
				PRODUCT_NAME = "$(TARGET_NAME)";
				TARGETED_DEVICE_FAMILY = "1,2";
				TEST_HOST = "$(BUILT_PRODUCTS_DIR)/WCBlock.app/WCBlock";
			};
			name = Release;
		};
		35CAF9D0208F410900163DED /* Debug */ = {
			isa = XCBuildConfiguration;
			buildSettings = {
				CODE_SIGN_STYLE = Automatic;
				DEVELOPMENT_TEAM = D448D4BJ77;
				INFOPLIST_FILE = WCBlockUITests/Info.plist;
				LD_RUNPATH_SEARCH_PATHS = "$(inherited) @executable_path/Frameworks @loader_path/Frameworks";
				PRODUCT_BUNDLE_IDENTIFIER = "-163.weicheng0-0.WCBlockUITests";
				PRODUCT_NAME = "$(TARGET_NAME)";
				TARGETED_DEVICE_FAMILY = "1,2";
				TEST_TARGET_NAME = WCBlock;
			};
			name = Debug;
		};
		35CAF9D1208F410900163DED /* Release */ = {
			isa = XCBuildConfiguration;
			buildSettings = {
				CODE_SIGN_STYLE = Automatic;
				DEVELOPMENT_TEAM = D448D4BJ77;
				INFOPLIST_FILE = WCBlockUITests/Info.plist;
				LD_RUNPATH_SEARCH_PATHS = "$(inherited) @executable_path/Frameworks @loader_path/Frameworks";
				PRODUCT_BUNDLE_IDENTIFIER = "-163.weicheng0-0.WCBlockUITests";
				PRODUCT_NAME = "$(TARGET_NAME)";
				TARGETED_DEVICE_FAMILY = "1,2";
				TEST_TARGET_NAME = WCBlock;
			};
			name = Release;
		};
/* End XCBuildConfiguration section */

/* Begin XCConfigurationList section */
		35CAF998208F410800163DED /* Build configuration list for PBXProject "WCBlock" */ = {
			isa = XCConfigurationList;
			buildConfigurations = (
				35CAF9C7208F410900163DED /* Debug */,
				35CAF9C8208F410900163DED /* Release */,
			);
			defaultConfigurationIsVisible = 0;
			defaultConfigurationName = Release;
		};
		35CAF9C9208F410900163DED /* Build configuration list for PBXNativeTarget "WCBlock" */ = {
			isa = XCConfigurationList;
			buildConfigurations = (
				35CAF9CA208F410900163DED /* Debug */,
				35CAF9CB208F410900163DED /* Release */,
			);
			defaultConfigurationIsVisible = 0;
			defaultConfigurationName = Release;
		};
		35CAF9CC208F410900163DED /* Build configuration list for PBXNativeTarget "WCBlockTests" */ = {
			isa = XCConfigurationList;
			buildConfigurations = (
				35CAF9CD208F410900163DED /* Debug */,
				35CAF9CE208F410900163DED /* Release */,
			);
			defaultConfigurationIsVisible = 0;
			defaultConfigurationName = Release;
		};
		35CAF9CF208F410900163DED /* Build configuration list for PBXNativeTarget "WCBlockUITests" */ = {
			isa = XCConfigurationList;
			buildConfigurations = (
				35CAF9D0208F410900163DED /* Debug */,
				35CAF9D1208F410900163DED /* Release */,
			);
			defaultConfigurationIsVisible = 0;
			defaultConfigurationName = Release;
		};
/* End XCConfigurationList section */
	};
	rootObject = 35CAF995208F410800163DED /* Project object */;
}
